
Microsoft Visual Studio Solution File, Format Version 12.00
# Visual Studio Version 17
VisualStudioVersion = 17.14.35906.104 d17.14
MinimumVisualStudioVersion = 10.0.40219.1
Project("{888888A0-9F3D-457C-B088-3A5042F75D52}") = "Attendance.py", "Attendance.py\Attendance.py.pyproj", "{64F929D2-D700-44D7-B85A-C68DC5C04FA3}"
EndProject
Global
	GlobalSection(SolutionConfigurationPlatforms) = preSolution
		Debug|Any CPU = Debug|Any CPU
		Release|Any CPU = Release|Any CPU
	EndGlobalSection
	GlobalSection(ProjectConfigurationPlatforms) = postSolution
		{64F929D2-D700-44D7-B85A-C68DC5C04FA3}.Debug|Any CPU.ActiveCfg = Debug|Any CPU
		{64F929D2-D700-44D7-B85A-C68DC5C04FA3}.Release|Any CPU.ActiveCfg = Release|Any CPU
	EndGlobalSection
	GlobalSection(SolutionProperties) = preSolution
		HideSolutionNode = FALSE
	EndGlobalSection
	GlobalSection(ExtensibilityGlobals) = postSolution
		SolutionGuid = {43C7B3EB-4A2C-4CAE-A4FE-5D279112C25B}
	EndGlobalSection
EndGlobal
