
Microsoft Visual Studio Solution File, Format Version 12.00
# Visual Studio Version 17
VisualStudioVersion = 17.14.35906.104 d17.14
MinimumVisualStudioVersion = 10.0.40219.1
Project("{888888A0-9F3D-457C-B088-3A5042F75D52}") = "LoginSystem", "LoginSystem\LoginSystem.pyproj", "{DBA5EDEA-2328-4396-BE27-AB2F81559FAA}"
EndProject
Global
	GlobalSection(SolutionConfigurationPlatforms) = preSolution
		Debug|Any CPU = Debug|Any CPU
		Release|Any CPU = Release|Any CPU
	EndGlobalSection
	GlobalSection(ProjectConfigurationPlatforms) = postSolution
		{DBA5EDEA-2328-4396-BE27-AB2F81559FAA}.Debug|Any CPU.ActiveCfg = Debug|Any CPU
		{DBA5EDEA-2328-4396-BE27-AB2F81559FAA}.Release|Any CPU.ActiveCfg = Release|Any CPU
	EndGlobalSection
	GlobalSection(SolutionProperties) = preSolution
		HideSolutionNode = FALSE
	EndGlobalSection
	GlobalSection(ExtensibilityGlobals) = postSolution
		SolutionGuid = {446D25E2-D734-4447-A95F-4435BF3F63F6}
	EndGlobalSection
EndGlobal
